
Microsoft Visual Studio Solution File, Format Version 12.00
# Visual Studio 15
VisualStudioVersion = 15.0.28307.421
MinimumVisualStudioVersion = 10.0.40219.1
Project("{FAE04EC0-301F-11D3-BF4B-00C04F79EFBC}") = "IdentityServer", "IdentityServer\IdentityServer.csproj", "{EA6D52AF-4433-4613-A8D8-714CC142FECF}"
EndProject
Global
	GlobalSection(SolutionConfigurationPlatforms) = preSolution
		Debug|Any CPU = Debug|Any CPU
		Release|Any CPU = Release|Any CPU
	EndGlobalSection
	GlobalSection(ProjectConfigurationPlatforms) = postSolution
		{EA6D52AF-4433-4613-A8D8-714CC142FECF}.Debug|Any CPU.ActiveCfg = Debug|Any CPU
		{EA6D52AF-4433-4613-A8D8-714CC142FECF}.Debug|Any CPU.Build.0 = Debug|Any CPU
		{EA6D52AF-4433-4613-A8D8-714CC142FECF}.Release|Any CPU.ActiveCfg = Release|Any CPU
		{EA6D52AF-4433-4613-A8D8-714CC142FECF}.Release|Any CPU.Build.0 = Release|Any CPU
	EndGlobalSection
	GlobalSection(SolutionProperties) = preSolution
		HideSolutionNode = FALSE
	EndGlobalSection
	GlobalSection(ExtensibilityGlobals) = postSolution
		SolutionGuid = {97DE8A6E-8F6C-4175-BB43-95D2C8BCDE83}
	EndGlobalSection
EndGlobal
